// !$*UTF8*$!
{
	archiveVersion = 1;
	classes = {
	};
	objectVersion = 50;
	objects = {

/* Begin PBXBuildFile section */
		070281E721EA54FE001F0BB8 /* AppDelegate.swift in Sources */ = {isa = PBXBuildFile; fileRef = 070281E621EA54FE001F0BB8 /* AppDelegate.swift */; };
		070281E921EA54FE001F0BB8 /* JSONItemController.swift in Sources */ = {isa = PBXBuildFile; fileRef = 070281E821EA54FE001F0BB8 /* JSONItemController.swift */; };
		070281EE21EA5503001F0BB8 /* Assets.xcassets in Resources */ = {isa = PBXBuildFile; fileRef = 070281ED21EA5503001F0BB8 /* Assets.xcassets */; };
		070281F121EA5503001F0BB8 /* LaunchScreen.storyboard in Resources */ = {isa = PBXBuildFile; fileRef = 070281EF21EA5503001F0BB8 /* LaunchScreen.storyboard */; };
		07B2099521EA612900F7777A /* JSONItem.swift in Sources */ = {isa = PBXBuildFile; fileRef = 07B2099421EA612900F7777A /* JSONItem.swift */; };
		07B2099721EA663300F7777A /* JSONItemView.swift in Sources */ = {isa = PBXBuildFile; fileRef = 07B2099621EA663300F7777A /* JSONItemView.swift */; };
		07B2099921EA676E00F7777A /* DownloadInProgressView.swift in Sources */ = {isa = PBXBuildFile; fileRef = 07B2099821EA676E00F7777A /* DownloadInProgressView.swift */; };
		07BECD9621EB9739005A626C /* Router.swift in Sources */ = {isa = PBXBuildFile; fileRef = 07BECD9521EB9739005A626C /* Router.swift */; };
		7A77050ACF903BE4048FDFFD /* Pods_AxxessCodingChallenge.framework in Frameworks */ = {isa = PBXBuildFile; fileRef = 94E07FEB31EE040DA4321C3B /* Pods_AxxessCodingChallenge.framework */; };
/* End PBXBuildFile section */

/* Begin PBXFileReference section */
		070281E321EA54FE001F0BB8 /* AxxessCodingChallenge.app */ = {isa = PBXFileReference; explicitFileType = wrapper.application; includeInIndex = 0; path = AxxessCodingChallenge.app; sourceTree = BUILT_PRODUCTS_DIR; };
		070281E621EA54FE001F0BB8 /* AppDelegate.swift */ = {isa = PBXFileReference; lastKnownFileType = sourcecode.swift; path = AppDelegate.swift; sourceTree = "<group>"; };
		070281E821EA54FE001F0BB8 /* JSONItemController.swift */ = {isa = PBXFileReference; lastKnownFileType = sourcecode.swift; path = JSONItemController.swift; sourceTree = "<group>"; };
		070281ED21EA5503001F0BB8 /* Assets.xcassets */ = {isa = PBXFileReference; lastKnownFileType = folder.assetcatalog; path = Assets.xcassets; sourceTree = "<group>"; };
		070281F021EA5503001F0BB8 /* Base */ = {isa = PBXFileReference; lastKnownFileType = file.storyboard; name = Base; path = Base.lproj/LaunchScreen.storyboard; sourceTree = "<group>"; };
		070281F221EA5503001F0BB8 /* Info.plist */ = {isa = PBXFileReference; lastKnownFileType = text.plist.xml; path = Info.plist; sourceTree = "<group>"; };
		07B2099421EA612900F7777A /* JSONItem.swift */ = {isa = PBXFileReference; lastKnownFileType = sourcecode.swift; path = JSONItem.swift; sourceTree = "<group>"; };
		07B2099621EA663300F7777A /* JSONItemView.swift */ = {isa = PBXFileReference; lastKnownFileType = sourcecode.swift; path = JSONItemView.swift; sourceTree = "<group>"; };
		07B2099821EA676E00F7777A /* DownloadInProgressView.swift */ = {isa = PBXFileReference; lastKnownFileType = sourcecode.swift; path = DownloadInProgressView.swift; sourceTree = "<group>"; };
		07BECD9521EB9739005A626C /* Router.swift */ = {isa = PBXFileReference; lastKnownFileType = sourcecode.swift; path = Router.swift; sourceTree = "<group>"; };
		0F2188310E4A2869727DC324 /* Pods-AxxessCodingChallenge.debug.xcconfig */ = {isa = PBXFileReference; includeInIndex = 1; lastKnownFileType = text.xcconfig; name = "Pods-AxxessCodingChallenge.debug.xcconfig"; path = "Pods/Target Support Files/Pods-AxxessCodingChallenge/Pods-AxxessCodingChallenge.debug.xcconfig"; sourceTree = "<group>"; };
		94E07FEB31EE040DA4321C3B /* Pods_AxxessCodingChallenge.framework */ = {isa = PBXFileReference; explicitFileType = wrapper.framework; includeInIndex = 0; path = Pods_AxxessCodingChallenge.framework; sourceTree = BUILT_PRODUCTS_DIR; };
		DDF63DE9551E795078FD4EFE /* Pods-AxxessCodingChallenge.release.xcconfig */ = {isa = PBXFileReference; includeInIndex = 1; lastKnownFileType = text.xcconfig; name = "Pods-AxxessCodingChallenge.release.xcconfig"; path = "Pods/Target Support Files/Pods-AxxessCodingChallenge/Pods-AxxessCodingChallenge.release.xcconfig"; sourceTree = "<group>"; };
/* End PBXFileReference section */

/* Begin PBXFrameworksBuildPhase section */
		070281E021EA54FE001F0BB8 /* Frameworks */ = {
			isa = PBXFrameworksBuildPhase;
			buildActionMask = 2147483647;
			files = (
				7A77050ACF903BE4048FDFFD /* Pods_AxxessCodingChallenge.framework in Frameworks */,
			);
			runOnlyForDeploymentPostprocessing = 0;
		};
/* End PBXFrameworksBuildPhase section */

/* Begin PBXGroup section */
		0445DCD9446644A1FB29B58B /* Pods */ = {
			isa = PBXGroup;
			children = (
				0F2188310E4A2869727DC324 /* Pods-AxxessCodingChallenge.debug.xcconfig */,
				DDF63DE9551E795078FD4EFE /* Pods-AxxessCodingChallenge.release.xcconfig */,
			);
			name = Pods;
			sourceTree = "<group>";
		};
		070281DA21EA54FE001F0BB8 = {
			isa = PBXGroup;
			children = (
				070281E521EA54FE001F0BB8 /* AxxessCodingChallenge */,
				070281E421EA54FE001F0BB8 /* Products */,
				0445DCD9446644A1FB29B58B /* Pods */,
				39DBD526BAB69148637D74C3 /* Frameworks */,
			);
			sourceTree = "<group>";
		};
		070281E421EA54FE001F0BB8 /* Products */ = {
			isa = PBXGroup;
			children = (
				070281E321EA54FE001F0BB8 /* AxxessCodingChallenge.app */,
			);
			name = Products;
			sourceTree = "<group>";
		};
		070281E521EA54FE001F0BB8 /* AxxessCodingChallenge */ = {
			isa = PBXGroup;
			children = (
				07B2099A21EA697B00F7777A /* Services */,
				07B2098F21EA571100F7777A /* Controllers */,
				07B2098E21EA570100F7777A /* Views */,
				07B2098D21EA56F200F7777A /* Models */,
				070281E621EA54FE001F0BB8 /* AppDelegate.swift */,
				070281ED21EA5503001F0BB8 /* Assets.xcassets */,
				070281EF21EA5503001F0BB8 /* LaunchScreen.storyboard */,
				070281F221EA5503001F0BB8 /* Info.plist */,
			);
			path = AxxessCodingChallenge;
			sourceTree = "<group>";
		};
		07B2098D21EA56F200F7777A /* Models */ = {
			isa = PBXGroup;
			children = (
				07B2099421EA612900F7777A /* JSONItem.swift */,
			);
			path = Models;
			sourceTree = "<group>";
		};
		07B2098E21EA570100F7777A /* Views */ = {
			isa = PBXGroup;
			children = (
				07B2099621EA663300F7777A /* JSONItemView.swift */,
				07B2099821EA676E00F7777A /* DownloadInProgressView.swift */,
			);
			path = Views;
			sourceTree = "<group>";
		};
		07B2098F21EA571100F7777A /* Controllers */ = {
			isa = PBXGroup;
			children = (
				070281E821EA54FE001F0BB8 /* JSONItemController.swift */,
			);
			path = Controllers;
			sourceTree = "<group>";
		};
		07B2099A21EA697B00F7777A /* Services */ = {
			isa = PBXGroup;
			children = (
				07BECD9521EB9739005A626C /* Router.swift */,
			);
			path = Services;
			sourceTree = "<group>";
		};
		39DBD526BAB69148637D74C3 /* Frameworks */ = {
			isa = PBXGroup;
			children = (
				94E07FEB31EE040DA4321C3B /* Pods_AxxessCodingChallenge.framework */,
			);
			name = Frameworks;
			sourceTree = "<group>";
		};
/* End PBXGroup section */

/* Begin PBXNativeTarget section */
		070281E221EA54FE001F0BB8 /* AxxessCodingChallenge */ = {
			isa = PBXNativeTarget;
			buildConfigurationList = 070281F521EA5503001F0BB8 /* Build configuration list for PBXNativeTarget "AxxessCodingChallenge" */;
			buildPhases = (
				AE7CB6654C42F4C197750BE7 /* [CP] Check Pods Manifest.lock */,
				070281DF21EA54FE001F0BB8 /* Sources */,
				070281E021EA54FE001F0BB8 /* Frameworks */,
				070281E121EA54FE001F0BB8 /* Resources */,
				3B72B2A67562626663BED78D /* [CP] Embed Pods Frameworks */,
			);
			buildRules = (
			);
			dependencies = (
			);
			name = AxxessCodingChallenge;
			productName = AxxessCodingChallenge;
			productReference = 070281E321EA54FE001F0BB8 /* AxxessCodingChallenge.app */;
			productType = "com.apple.product-type.application";
		};
/* End PBXNativeTarget section */

/* Begin PBXProject section */
		070281DB21EA54FE001F0BB8 /* Project object */ = {
			isa = PBXProject;
			attributes = {
				LastSwiftUpdateCheck = 1010;
				LastUpgradeCheck = 1010;
				TargetAttributes = {
					070281E221EA54FE001F0BB8 = {
						CreatedOnToolsVersion = 10.1;
					};
				};
			};
			buildConfigurationList = 070281DE21EA54FE001F0BB8 /* Build configuration list for PBXProject "AxxessCodingChallenge" */;
			compatibilityVersion = "Xcode 9.3";
			developmentRegion = en;
			hasScannedForEncodings = 0;
			knownRegions = (
				en,
				Base,
			);
			mainGroup = 070281DA21EA54FE001F0BB8;
			productRefGroup = 070281E421EA54FE001F0BB8 /* Products */;
			projectDirPath = "";
			projectRoot = "";
			targets = (
				070281E221EA54FE001F0BB8 /* AxxessCodingChallenge */,
			);
		};
/* End PBXProject section */

/* Begin PBXResourcesBuildPhase section */
		070281E121EA54FE001F0BB8 /* Resources */ = {
			isa = PBXResourcesBuildPhase;
			buildActionMask = 2147483647;
			files = (
				070281F121EA5503001F0BB8 /* LaunchScreen.storyboard in Resources */,
				070281EE21EA5503001F0BB8 /* Assets.xcassets in Resources */,
			);
			runOnlyForDeploymentPostprocessing = 0;
		};
/* End PBXResourcesBuildPhase section */

/* Begin PBXShellScriptBuildPhase section */
		3B72B2A67562626663BED78D /* [CP] Embed Pods Frameworks */ = {
			isa = PBXShellScriptBuildPhase;
			buildActionMask = 2147483647;
			files = (
			);
			inputPaths = (
				"${SRCROOT}/Pods/Target Support Files/Pods-AxxessCodingChallenge/Pods-AxxessCodingChallenge-frameworks.sh",
				"${BUILT_PRODUCTS_DIR}/Alamofire/Alamofire.framework",
				"${BUILT_PRODUCTS_DIR}/SVProgressHUD/SVProgressHUD.framework",
				"${BUILT_PRODUCTS_DIR}/SnapKit/SnapKit.framework",
			);
			name = "[CP] Embed Pods Frameworks";
			outputPaths = (
				"${TARGET_BUILD_DIR}/${FRAMEWORKS_FOLDER_PATH}/Alamofire.framework",
				"${TARGET_BUILD_DIR}/${FRAMEWORKS_FOLDER_PATH}/SVProgressHUD.framework",
				"${TARGET_BUILD_DIR}/${FRAMEWORKS_FOLDER_PATH}/SnapKit.framework",
			);
			runOnlyForDeploymentPostprocessing = 0;
			shellPath = /bin/sh;
			shellScript = "\"${SRCROOT}/Pods/Target Support Files/Pods-AxxessCodingChallenge/Pods-AxxessCodingChallenge-frameworks.sh\"\n";
			showEnvVarsInLog = 0;
		};
		AE7CB6654C42F4C197750BE7 /* [CP] Check Pods Manifest.lock */ = {
			isa = PBXShellScriptBuildPhase;
			buildActionMask = 2147483647;
			files = (
			);
			inputPaths = (
				"${PODS_PODFILE_DIR_PATH}/Podfile.lock",
				"${PODS_ROOT}/Manifest.lock",
			);
			name = "[CP] Check Pods Manifest.lock";
			outputPaths = (
				"$(DERIVED_FILE_DIR)/Pods-AxxessCodingChallenge-checkManifestLockResult.txt",
			);
			runOnlyForDeploymentPostprocessing = 0;
			shellPath = /bin/sh;
			shellScript = "diff \"${PODS_PODFILE_DIR_PATH}/Podfile.lock\" \"${PODS_ROOT}/Manifest.lock\" > /dev/null\nif [ $? != 0 ] ; then\n    # print error to STDERR\n    echo \"error: The sandbox is not in sync with the Podfile.lock. Run 'pod install' or update your CocoaPods installation.\" >&2\n    exit 1\nfi\n# This output is used by Xcode 'outputs' to avoid re-running this script phase.\necho \"SUCCESS\" > \"${SCRIPT_OUTPUT_FILE_0}\"\n";
			showEnvVarsInLog = 0;
		};
/* End PBXShellScriptBuildPhase section */

/* Begin PBXSourcesBuildPhase section */
		070281DF21EA54FE001F0BB8 /* Sources */ = {
			isa = PBXSourcesBuildPhase;
			buildActionMask = 2147483647;
			files = (
				070281E921EA54FE001F0BB8 /* JSONItemController.swift in Sources */,
				07B2099721EA663300F7777A /* JSONItemView.swift in Sources */,
				07B2099921EA676E00F7777A /* DownloadInProgressView.swift in Sources */,
				07B2099521EA612900F7777A /* JSONItem.swift in Sources */,
				07BECD9621EB9739005A626C /* Router.swift in Sources */,
				070281E721EA54FE001F0BB8 /* AppDelegate.swift in Sources */,
			);
			runOnlyForDeploymentPostprocessing = 0;
		};
/* End PBXSourcesBuildPhase section */

/* Begin PBXVariantGroup section */
		070281EF21EA5503001F0BB8 /* LaunchScreen.storyboard */ = {
			isa = PBXVariantGroup;
			children = (
				070281F021EA5503001F0BB8 /* Base */,
			);
			name = LaunchScreen.storyboard;
			sourceTree = "<group>";
		};
/* End PBXVariantGroup section */

/* Begin XCBuildConfiguration section */
		070281F321EA5503001F0BB8 /* Debug */ = {
			isa = XCBuildConfiguration;
			buildSettings = {
				ALWAYS_SEARCH_USER_PATHS = NO;
				CLANG_ANALYZER_NONNULL = YES;
				CLANG_ANALYZER_NUMBER_OBJECT_CONVERSION = YES_AGGRESSIVE;
				CLANG_CXX_LANGUAGE_STANDARD = "gnu++14";
				CLANG_CXX_LIBRARY = "libc++";
				CLANG_ENABLE_MODULES = YES;
				CLANG_ENABLE_OBJC_ARC = YES;
				CLANG_ENABLE_OBJC_WEAK = YES;
				CLANG_WARN_BLOCK_CAPTURE_AUTORELEASING = YES;
				CLANG_WARN_BOOL_CONVERSION = YES;
				CLANG_WARN_COMMA = YES;
				CLANG_WARN_CONSTANT_CONVERSION = YES;
				CLANG_WARN_DEPRECATED_OBJC_IMPLEMENTATIONS = YES;
				CLANG_WARN_DIRECT_OBJC_ISA_USAGE = YES_ERROR;
				CLANG_WARN_DOCUMENTATION_COMMENTS = YES;
				CLANG_WARN_EMPTY_BODY = YES;
				CLANG_WARN_ENUM_CONVERSION = YES;
				CLANG_WARN_INFINITE_RECURSION = YES;
				CLANG_WARN_INT_CONVERSION = YES;
				CLANG_WARN_NON_LITERAL_NULL_CONVERSION = YES;
				CLANG_WARN_OBJC_IMPLICIT_RETAIN_SELF = YES;
				CLANG_WARN_OBJC_LITERAL_CONVERSION = YES;
				CLANG_WARN_OBJC_ROOT_CLASS = YES_ERROR;
				CLANG_WARN_RANGE_LOOP_ANALYSIS = YES;
				CLANG_WARN_STRICT_PROTOTYPES = YES;
				CLANG_WARN_SUSPICIOUS_MOVE = YES;
				CLANG_WARN_UNGUARDED_AVAILABILITY = YES_AGGRESSIVE;
				CLANG_WARN_UNREACHABLE_CODE = YES;
				CLANG_WARN__DUPLICATE_METHOD_MATCH = YES;
				CODE_SIGN_IDENTITY = "iPhone Developer";
				COPY_PHASE_STRIP = NO;
				DEBUG_INFORMATION_FORMAT = dwarf;
				ENABLE_STRICT_OBJC_MSGSEND = YES;
				ENABLE_TESTABILITY = YES;
				GCC_C_LANGUAGE_STANDARD = gnu11;
				GCC_DYNAMIC_NO_PIC = NO;
				GCC_NO_COMMON_BLOCKS = YES;
				GCC_OPTIMIZATION_LEVEL = 0;
				GCC_PREPROCESSOR_DEFINITIONS = (
					"DEBUG=1",
					"$(inherited)",
				);
				GCC_WARN_64_TO_32_BIT_CONVERSION = YES;
				GCC_WARN_ABOUT_RETURN_TYPE = YES_ERROR;
				GCC_WARN_UNDECLARED_SELECTOR = YES;
				GCC_WARN_UNINITIALIZED_AUTOS = YES_AGGRESSIVE;
				GCC_WARN_UNUSED_FUNCTION = YES;
				GCC_WARN_UNUSED_VARIABLE = YES;
				IPHONEOS_DEPLOYMENT_TARGET = 12.1;
				MTL_ENABLE_DEBUG_INFO = INCLUDE_SOURCE;
				MTL_FAST_MATH = YES;
				ONLY_ACTIVE_ARCH = YES;
				SDKROOT = iphoneos;
				SWIFT_ACTIVE_COMPILATION_CONDITIONS = DEBUG;
				SWIFT_OPTIMIZATION_LEVEL = "-Onone";
			};
			name = Debug;
		};
		070281F421EA5503001F0BB8 /* Release */ = {
			isa = XCBuildConfiguration;
			buildSettings = {
				ALWAYS_SEARCH_USER_PATHS = NO;
				CLANG_ANALYZER_NONNULL = YES;
				CLANG_ANALYZER_NUMBER_OBJECT_CONVERSION = YES_AGGRESSIVE;
				CLANG_CXX_LANGUAGE_STANDARD = "gnu++14";
				CLANG_CXX_LIBRARY = "libc++";
				CLANG_ENABLE_MODULES = YES;
				CLANG_ENABLE_OBJC_ARC = YES;
				CLANG_ENABLE_OBJC_WEAK = YES;
				CLANG_WARN_BLOCK_CAPTURE_AUTORELEASING = YES;
				CLANG_WARN_BOOL_CONVERSION = YES;
				CLANG_WARN_COMMA = YES;
				CLANG_WARN_CONSTANT_CONVERSION = YES;
				CLANG_WARN_DEPRECATED_OBJC_IMPLEMENTATIONS = YES;
				CLANG_WARN_DIRECT_OBJC_ISA_USAGE = YES_ERROR;
				CLANG_WARN_DOCUMENTATION_COMMENTS = YES;
				CLANG_WARN_EMPTY_BODY = YES;
				CLANG_WARN_ENUM_CONVERSION = YES;
				CLANG_WARN_INFINITE_RECURSION = YES;
				CLANG_WARN_INT_CONVERSION = YES;
				CLANG_WARN_NON_LITERAL_NULL_CONVERSION = YES;
				CLANG_WARN_OBJC_IMPLICIT_RETAIN_SELF = YES;
				CLANG_WARN_OBJC_LITERAL_CONVERSION = YES;
				CLANG_WARN_OBJC_ROOT_CLASS = YES_ERROR;
				CLANG_WARN_RANGE_LOOP_ANALYSIS = YES;
				CLANG_WARN_STRICT_PROTOTYPES = YES;
				CLANG_WARN_SUSPICIOUS_MOVE = YES;
				CLANG_WARN_UNGUARDED_AVAILABILITY = YES_AGGRESSIVE;
				CLANG_WARN_UNREACHABLE_CODE = YES;
				CLANG_WARN__DUPLICATE_METHOD_MATCH = YES;
				CODE_SIGN_IDENTITY = "iPhone Developer";
				COPY_PHASE_STRIP = NO;
				DEBUG_INFORMATION_FORMAT = "dwarf-with-dsym";
				ENABLE_NS_ASSERTIONS = NO;
				ENABLE_STRICT_OBJC_MSGSEND = YES;
				GCC_C_LANGUAGE_STANDARD = gnu11;
				GCC_NO_COMMON_BLOCKS = YES;
				GCC_WARN_64_TO_32_BIT_CONVERSION = YES;
				GCC_WARN_ABOUT_RETURN_TYPE = YES_ERROR;
				GCC_WARN_UNDECLARED_SELECTOR = YES;
				GCC_WARN_UNINITIALIZED_AUTOS = YES_AGGRESSIVE;
				GCC_WARN_UNUSED_FUNCTION = YES;
				GCC_WARN_UNUSED_VARIABLE = YES;
				IPHONEOS_DEPLOYMENT_TARGET = 12.1;
				MTL_ENABLE_DEBUG_INFO = NO;
				MTL_FAST_MATH = YES;
				SDKROOT = iphoneos;
				SWIFT_COMPILATION_MODE = wholemodule;
				SWIFT_OPTIMIZATION_LEVEL = "-O";
				VALIDATE_PRODUCT = YES;
			};
			name = Release;
		};
		070281F621EA5503001F0BB8 /* Debug */ = {
			isa = XCBuildConfiguration;
			baseConfigurationReference = 0F2188310E4A2869727DC324 /* Pods-AxxessCodingChallenge.debug.xcconfig */;
			buildSettings = {
				ASSETCATALOG_COMPILER_APPICON_NAME = AppIcon;
				CODE_SIGN_STYLE = Automatic;
				DEVELOPMENT_TEAM = RK6ET38AYF;
				INFOPLIST_FILE = AxxessCodingChallenge/Info.plist;
				LD_RUNPATH_SEARCH_PATHS = (
					"$(inherited)",
					"@executable_path/Frameworks",
				);
				PRODUCT_BUNDLE_IDENTIFIER = com.AxxessCodingChallenge;
				PRODUCT_NAME = "$(TARGET_NAME)";
				SWIFT_VERSION = 4.2;
				TARGETED_DEVICE_FAMILY = "1,2";
			};
			name = Debug;
		};
		070281F721EA5503001F0BB8 /* Release */ = {
			isa = XCBuildConfiguration;
			baseConfigurationReference = DDF63DE9551E795078FD4EFE /* Pods-AxxessCodingChallenge.release.xcconfig */;
			buildSettings = {
				ASSETCATALOG_COMPILER_APPICON_NAME = AppIcon;
				CODE_SIGN_STYLE = Automatic;
				DEVELOPMENT_TEAM = RK6ET38AYF;
				INFOPLIST_FILE = AxxessCodingChallenge/Info.plist;
				LD_RUNPATH_SEARCH_PATHS = (
					"$(inherited)",
					"@executable_path/Frameworks",
				);
				PRODUCT_BUNDLE_IDENTIFIER = com.AxxessCodingChallenge;
				PRODUCT_NAME = "$(TARGET_NAME)";
				SWIFT_VERSION = 4.2;
				TARGETED_DEVICE_FAMILY = "1,2";
			};
			name = Release;
		};
/* End XCBuildConfiguration section */

/* Begin XCConfigurationList section */
		070281DE21EA54FE001F0BB8 /* Build configuration list for PBXProject "AxxessCodingChallenge" */ = {
			isa = XCConfigurationList;
			buildConfigurations = (
				070281F321EA5503001F0BB8 /* Debug */,
				070281F421EA5503001F0BB8 /* Release */,
			);
			defaultConfigurationIsVisible = 0;
			defaultConfigurationName = Release;
		};
		070281F521EA5503001F0BB8 /* Build configuration list for PBXNativeTarget "AxxessCodingChallenge" */ = {
			isa = XCConfigurationList;
			buildConfigurations = (
				070281F621EA5503001F0BB8 /* Debug */,
				070281F721EA5503001F0BB8 /* Release */,
			);
			defaultConfigurationIsVisible = 0;
			defaultConfigurationName = Release;
		};
/* End XCConfigurationList section */
	};
	rootObject = 070281DB21EA54FE001F0BB8 /* Project object */;
}
